// !$*UTF8*$!
{
	archiveVersion = 1;
	classes = {
	};
	objectVersion = 55;
	objects = {

/* Begin PBXBuildFile section */
		B94820E3278C5FCB00F15E0E /* CardFlowView.swift in Sources */ = {isa = PBXBuildFile; fileRef = B94820E2278C5FCB00F15E0E /* CardFlowView.swift */; };
		B94820E6278C891700F15E0E /* ApplyView.swift in Sources */ = {isa = PBXBuildFile; fileRef = B94820E5278C891700F15E0E /* ApplyView.swift */; };
		FC0C8BCE2789C40200B5E928 /* Tests_iOS.swift in Sources */ = {isa = PBXBuildFile; fileRef = FC0C8BCD2789C40200B5E928 /* Tests_iOS.swift */; };
		FC0C8BD02789C40200B5E928 /* Tests_iOSLaunchTests.swift in Sources */ = {isa = PBXBuildFile; fileRef = FC0C8BCF2789C40200B5E928 /* Tests_iOSLaunchTests.swift */; };
		FC0C8BDD2789C40200B5E928 /* NavigationEtudeApp.swift in Sources */ = {isa = PBXBuildFile; fileRef = FC0C8BB52789C3FF00B5E928 /* NavigationEtudeApp.swift */; };
		FC0C8BDF2789C40200B5E928 /* ContentView.swift in Sources */ = {isa = PBXBuildFile; fileRef = FC0C8BB62789C3FF00B5E928 /* ContentView.swift */; };
		FC0C8BE12789C40200B5E928 /* Assets.xcassets in Resources */ = {isa = PBXBuildFile; fileRef = FC0C8BB72789C40200B5E928 /* Assets.xcassets */; };
/* End PBXBuildFile section */

/* Begin PBXContainerItemProxy section */
		FC0C8BCA2789C40200B5E928 /* PBXContainerItemProxy */ = {
			isa = PBXContainerItemProxy;
			containerPortal = FC0C8BB02789C3FF00B5E928 /* Project object */;
			proxyType = 1;
			remoteGlobalIDString = FC0C8BBB2789C40200B5E928;
			remoteInfo = "NavigationEtude (iOS)";
		};
/* End PBXContainerItemProxy section */

/* Begin PBXFileReference section */
		B94820E2278C5FCB00F15E0E /* CardFlowView.swift */ = {isa = PBXFileReference; lastKnownFileType = sourcecode.swift; path = CardFlowView.swift; sourceTree = "<group>"; };
		B94820E5278C891700F15E0E /* ApplyView.swift */ = {isa = PBXFileReference; lastKnownFileType = sourcecode.swift; path = ApplyView.swift; sourceTree = "<group>"; };
		FC0C8BB52789C3FF00B5E928 /* NavigationEtudeApp.swift */ = {isa = PBXFileReference; lastKnownFileType = sourcecode.swift; path = NavigationEtudeApp.swift; sourceTree = "<group>"; };
		FC0C8BB62789C3FF00B5E928 /* ContentView.swift */ = {isa = PBXFileReference; lastKnownFileType = sourcecode.swift; path = ContentView.swift; sourceTree = "<group>"; };
		FC0C8BB72789C40200B5E928 /* Assets.xcassets */ = {isa = PBXFileReference; lastKnownFileType = folder.assetcatalog; path = Assets.xcassets; sourceTree = "<group>"; };
		FC0C8BBC2789C40200B5E928 /* NavigationEtude.app */ = {isa = PBXFileReference; explicitFileType = wrapper.application; includeInIndex = 0; path = NavigationEtude.app; sourceTree = BUILT_PRODUCTS_DIR; };
		FC0C8BC92789C40200B5E928 /* Tests iOS.xctest */ = {isa = PBXFileReference; explicitFileType = wrapper.cfbundle; includeInIndex = 0; path = "Tests iOS.xctest"; sourceTree = BUILT_PRODUCTS_DIR; };
		FC0C8BCD2789C40200B5E928 /* Tests_iOS.swift */ = {isa = PBXFileReference; lastKnownFileType = sourcecode.swift; path = Tests_iOS.swift; sourceTree = "<group>"; };
		FC0C8BCF2789C40200B5E928 /* Tests_iOSLaunchTests.swift */ = {isa = PBXFileReference; lastKnownFileType = sourcecode.swift; path = Tests_iOSLaunchTests.swift; sourceTree = "<group>"; };
/* End PBXFileReference section */

/* Begin PBXFrameworksBuildPhase section */
		FC0C8BB92789C40200B5E928 /* Frameworks */ = {
			isa = PBXFrameworksBuildPhase;
			buildActionMask = 2147483647;
			files = (
			);
			runOnlyForDeploymentPostprocessing = 0;
		};
		FC0C8BC62789C40200B5E928 /* Frameworks */ = {
			isa = PBXFrameworksBuildPhase;
			buildActionMask = 2147483647;
			files = (
			);
			runOnlyForDeploymentPostprocessing = 0;
		};
/* End PBXFrameworksBuildPhase section */

/* Begin PBXGroup section */
		FC0C8BAF2789C3FF00B5E928 = {
			isa = PBXGroup;
			children = (
				FC0C8BB42789C3FF00B5E928 /* Shared */,
				FC0C8BCC2789C40200B5E928 /* Tests iOS */,
				FC0C8BBD2789C40200B5E928 /* Products */,
			);
			sourceTree = "<group>";
		};
		FC0C8BB42789C3FF00B5E928 /* Shared */ = {
			isa = PBXGroup;
			children = (
				FC0C8BB52789C3FF00B5E928 /* NavigationEtudeApp.swift */,
				FC0C8BB62789C3FF00B5E928 /* ContentView.swift */,
				B94820E2278C5FCB00F15E0E /* CardFlowView.swift */,
				B94820E5278C891700F15E0E /* ApplyView.swift */,
				FC0C8BB72789C40200B5E928 /* Assets.xcassets */,
			);
			path = Shared;
			sourceTree = "<group>";
		};
		FC0C8BBD2789C40200B5E928 /* Products */ = {
			isa = PBXGroup;
			children = (
				FC0C8BBC2789C40200B5E928 /* NavigationEtude.app */,
				FC0C8BC92789C40200B5E928 /* Tests iOS.xctest */,
			);
			name = Products;
			sourceTree = "<group>";
		};
		FC0C8BCC2789C40200B5E928 /* Tests iOS */ = {
			isa = PBXGroup;
			children = (
				FC0C8BCD2789C40200B5E928 /* Tests_iOS.swift */,
				FC0C8BCF2789C40200B5E928 /* Tests_iOSLaunchTests.swift */,
			);
			path = "Tests iOS";
			sourceTree = "<group>";
		};
/* End PBXGroup section */

/* Begin PBXNativeTarget section */
		FC0C8BBB2789C40200B5E928 /* NavigationEtude (iOS) */ = {
			isa = PBXNativeTarget;
			buildConfigurationList = FC0C8BE52789C40200B5E928 /* Build configuration list for PBXNativeTarget "NavigationEtude (iOS)" */;
			buildPhases = (
				FC0C8BB82789C40200B5E928 /* Sources */,
				FC0C8BB92789C40200B5E928 /* Frameworks */,
				FC0C8BBA2789C40200B5E928 /* Resources */,
			);
			buildRules = (
			);
			dependencies = (
			);
			name = "NavigationEtude (iOS)";
			productName = "NavigationEtude (iOS)";
			productReference = FC0C8BBC2789C40200B5E928 /* NavigationEtude.app */;
			productType = "com.apple.product-type.application";
		};
		FC0C8BC82789C40200B5E928 /* Tests iOS */ = {
			isa = PBXNativeTarget;
			buildConfigurationList = FC0C8BEB2789C40200B5E928 /* Build configuration list for PBXNativeTarget "Tests iOS" */;
			buildPhases = (
				FC0C8BC52789C40200B5E928 /* Sources */,
				FC0C8BC62789C40200B5E928 /* Frameworks */,
				FC0C8BC72789C40200B5E928 /* Resources */,
			);
			buildRules = (
			);
			dependencies = (
				FC0C8BCB2789C40200B5E928 /* PBXTargetDependency */,
			);
			name = "Tests iOS";
			productName = "Tests iOS";
			productReference = FC0C8BC92789C40200B5E928 /* Tests iOS.xctest */;
			productType = "com.apple.product-type.bundle.ui-testing";
		};
/* End PBXNativeTarget section */

/* Begin PBXProject section */
		FC0C8BB02789C3FF00B5E928 /* Project object */ = {
			isa = PBXProject;
			attributes = {
				BuildIndependentTargetsInParallel = 1;
				LastSwiftUpdateCheck = 1320;
				LastUpgradeCheck = 1320;
				TargetAttributes = {
					FC0C8BBB2789C40200B5E928 = {
						CreatedOnToolsVersion = 13.2;
					};
					FC0C8BC82789C40200B5E928 = {
						CreatedOnToolsVersion = 13.2;
						TestTargetID = FC0C8BBB2789C40200B5E928;
					};
				};
			};
			buildConfigurationList = FC0C8BB32789C3FF00B5E928 /* Build configuration list for PBXProject "NavigationEtude" */;
			compatibilityVersion = "Xcode 13.0";
			developmentRegion = en;
			hasScannedForEncodings = 0;
			knownRegions = (
				en,
				Base,
			);
			mainGroup = FC0C8BAF2789C3FF00B5E928;
			productRefGroup = FC0C8BBD2789C40200B5E928 /* Products */;
			projectDirPath = "";
			projectRoot = "";
			targets = (
				FC0C8BBB2789C40200B5E928 /* NavigationEtude (iOS) */,
				FC0C8BC82789C40200B5E928 /* Tests iOS */,
			);
		};
/* End PBXProject section */

/* Begin PBXResourcesBuildPhase section */
		FC0C8BBA2789C40200B5E928 /* Resources */ = {
			isa = PBXResourcesBuildPhase;
			buildActionMask = 2147483647;
			files = (
				FC0C8BE12789C40200B5E928 /* Assets.xcassets in Resources */,
			);
			runOnlyForDeploymentPostprocessing = 0;
		};
		FC0C8BC72789C40200B5E928 /* Resources */ = {
			isa = PBXResourcesBuildPhase;
			buildActionMask = 2147483647;
			files = (
			);
			runOnlyForDeploymentPostprocessing = 0;
		};
/* End PBXResourcesBuildPhase section */

/* Begin PBXSourcesBuildPhase section */
		FC0C8BB82789C40200B5E928 /* Sources */ = {
			isa = PBXSourcesBuildPhase;
			buildActionMask = 2147483647;
			files = (
				B94820E3278C5FCB00F15E0E /* CardFlowView.swift in Sources */,
				FC0C8BDF2789C40200B5E928 /* ContentView.swift in Sources */,
				FC0C8BDD2789C40200B5E928 /* NavigationEtudeApp.swift in Sources */,
				B94820E6278C891700F15E0E /* ApplyView.swift in Sources */,
			);
			runOnlyForDeploymentPostprocessing = 0;
		};
		FC0C8BC52789C40200B5E928 /* Sources */ = {
			isa = PBXSourcesBuildPhase;
			buildActionMask = 2147483647;
			files = (
				FC0C8BD02789C40200B5E928 /* Tests_iOSLaunchTests.swift in Sources */,
				FC0C8BCE2789C40200B5E928 /* Tests_iOS.swift in Sources */,
			);
			runOnlyForDeploymentPostprocessing = 0;
		};
/* End PBXSourcesBuildPhase section */

/* Begin PBXTargetDependency section */
		FC0C8BCB2789C40200B5E928 /* PBXTargetDependency */ = {
			isa = PBXTargetDependency;
			target = FC0C8BBB2789C40200B5E928 /* NavigationEtude (iOS) */;
			targetProxy = FC0C8BCA2789C40200B5E928 /* PBXContainerItemProxy */;
		};
/* End PBXTargetDependency section */

/* Begin XCBuildConfiguration section */
		FC0C8BE32789C40200B5E928 /* Debug */ = {
			isa = XCBuildConfiguration;
			buildSettings = {
				ALWAYS_SEARCH_USER_PATHS = NO;
				CLANG_ANALYZER_NONNULL = YES;
				CLANG_ANALYZER_NUMBER_OBJECT_CONVERSION = YES_AGGRESSIVE;
				CLANG_CXX_LANGUAGE_STANDARD = "gnu++17";
				CLANG_CXX_LIBRARY = "libc++";
				CLANG_ENABLE_MODULES = YES;
				CLANG_ENABLE_OBJC_ARC = YES;
				CLANG_ENABLE_OBJC_WEAK = YES;
				CLANG_WARN_BLOCK_CAPTURE_AUTORELEASING = YES;
				CLANG_WARN_BOOL_CONVERSION = YES;
				CLANG_WARN_COMMA = YES;
				CLANG_WARN_CONSTANT_CONVERSION = YES;
				CLANG_WARN_DEPRECATED_OBJC_IMPLEMENTATIONS = YES;
				CLANG_WARN_DIRECT_OBJC_ISA_USAGE = YES_ERROR;
				CLANG_WARN_DOCUMENTATION_COMMENTS = YES;
				CLANG_WARN_EMPTY_BODY = YES;
				CLANG_WARN_ENUM_CONVERSION = YES;
				CLANG_WARN_INFINITE_RECURSION = YES;
				CLANG_WARN_INT_CONVERSION = YES;
				CLANG_WARN_NON_LITERAL_NULL_CONVERSION = YES;
				CLANG_WARN_OBJC_IMPLICIT_RETAIN_SELF = YES;
				CLANG_WARN_OBJC_LITERAL_CONVERSION = YES;
				CLANG_WARN_OBJC_ROOT_CLASS = YES_ERROR;
				CLANG_WARN_QUOTED_INCLUDE_IN_FRAMEWORK_HEADER = YES;
				CLANG_WARN_RANGE_LOOP_ANALYSIS = YES;
				CLANG_WARN_STRICT_PROTOTYPES = YES;
				CLANG_WARN_SUSPICIOUS_MOVE = YES;
				CLANG_WARN_UNGUARDED_AVAILABILITY = YES_AGGRESSIVE;
				CLANG_WARN_UNREACHABLE_CODE = YES;
				CLANG_WARN__DUPLICATE_METHOD_MATCH = YES;
				COPY_PHASE_STRIP = NO;
				DEBUG_INFORMATION_FORMAT = dwarf;
				ENABLE_STRICT_OBJC_MSGSEND = YES;
				ENABLE_TESTABILITY = YES;
				GCC_C_LANGUAGE_STANDARD = gnu11;
				GCC_DYNAMIC_NO_PIC = NO;
				GCC_NO_COMMON_BLOCKS = YES;
				GCC_OPTIMIZATION_LEVEL = 0;
				GCC_PREPROCESSOR_DEFINITIONS = (
					"DEBUG=1",
					"$(inherited)",
				);
				GCC_WARN_64_TO_32_BIT_CONVERSION = YES;
				GCC_WARN_ABOUT_RETURN_TYPE = YES_ERROR;
				GCC_WARN_UNDECLARED_SELECTOR = YES;
				GCC_WARN_UNINITIALIZED_AUTOS = YES_AGGRESSIVE;
				GCC_WARN_UNUSED_FUNCTION = YES;
				GCC_WARN_UNUSED_VARIABLE = YES;
				IPHONEOS_DEPLOYMENT_TARGET = 14.1;
				MTL_ENABLE_DEBUG_INFO = INCLUDE_SOURCE;
				MTL_FAST_MATH = YES;
				ONLY_ACTIVE_ARCH = YES;
				SWIFT_ACTIVE_COMPILATION_CONDITIONS = DEBUG;
				SWIFT_OPTIMIZATION_LEVEL = "-Onone";
			};
			name = Debug;
		};
		FC0C8BE42789C40200B5E928 /* Release */ = {
			isa = XCBuildConfiguration;
			buildSettings = {
				ALWAYS_SEARCH_USER_PATHS = NO;
				CLANG_ANALYZER_NONNULL = YES;
				CLANG_ANALYZER_NUMBER_OBJECT_CONVERSION = YES_AGGRESSIVE;
				CLANG_CXX_LANGUAGE_STANDARD = "gnu++17";
				CLANG_CXX_LIBRARY = "libc++";
				CLANG_ENABLE_MODULES = YES;
				CLANG_ENABLE_OBJC_ARC = YES;
				CLANG_ENABLE_OBJC_WEAK = YES;
				CLANG_WARN_BLOCK_CAPTURE_AUTORELEASING = YES;
				CLANG_WARN_BOOL_CONVERSION = YES;
				CLANG_WARN_COMMA = YES;
				CLANG_WARN_CONSTANT_CONVERSION = YES;
				CLANG_WARN_DEPRECATED_OBJC_IMPLEMENTATIONS = YES;
				CLANG_WARN_DIRECT_OBJC_ISA_USAGE = YES_ERROR;
				CLANG_WARN_DOCUMENTATION_COMMENTS = YES;
				CLANG_WARN_EMPTY_BODY = YES;
				CLANG_WARN_ENUM_CONVERSION = YES;
				CLANG_WARN_INFINITE_RECURSION = YES;
				CLANG_WARN_INT_CONVERSION = YES;
				CLANG_WARN_NON_LITERAL_NULL_CONVERSION = YES;
				CLANG_WARN_OBJC_IMPLICIT_RETAIN_SELF = YES;
				CLANG_WARN_OBJC_LITERAL_CONVERSION = YES;
				CLANG_WARN_OBJC_ROOT_CLASS = YES_ERROR;
				CLANG_WARN_QUOTED_INCLUDE_IN_FRAMEWORK_HEADER = YES;
				CLANG_WARN_RANGE_LOOP_ANALYSIS = YES;
				CLANG_WARN_STRICT_PROTOTYPES = YES;
				CLANG_WARN_SUSPICIOUS_MOVE = YES;
				CLANG_WARN_UNGUARDED_AVAILABILITY = YES_AGGRESSIVE;
				CLANG_WARN_UNREACHABLE_CODE = YES;
				CLANG_WARN__DUPLICATE_METHOD_MATCH = YES;
				COPY_PHASE_STRIP = NO;
				DEBUG_INFORMATION_FORMAT = "dwarf-with-dsym";
				ENABLE_NS_ASSERTIONS = NO;
				ENABLE_STRICT_OBJC_MSGSEND = YES;
				GCC_C_LANGUAGE_STANDARD = gnu11;
				GCC_NO_COMMON_BLOCKS = YES;
				GCC_WARN_64_TO_32_BIT_CONVERSION = YES;
				GCC_WARN_ABOUT_RETURN_TYPE = YES_ERROR;
				GCC_WARN_UNDECLARED_SELECTOR = YES;
				GCC_WARN_UNINITIALIZED_AUTOS = YES_AGGRESSIVE;
				GCC_WARN_UNUSED_FUNCTION = YES;
				GCC_WARN_UNUSED_VARIABLE = YES;
				IPHONEOS_DEPLOYMENT_TARGET = 14.1;
				MTL_ENABLE_DEBUG_INFO = NO;
				MTL_FAST_MATH = YES;
				SWIFT_COMPILATION_MODE = wholemodule;
				SWIFT_OPTIMIZATION_LEVEL = "-O";
			};
			name = Release;
		};
		FC0C8BE62789C40200B5E928 /* Debug */ = {
			isa = XCBuildConfiguration;
			buildSettings = {
				ASSETCATALOG_COMPILER_APPICON_NAME = AppIcon;
				ASSETCATALOG_COMPILER_GLOBAL_ACCENT_COLOR_NAME = AccentColor;
				CODE_SIGN_STYLE = Automatic;
				CURRENT_PROJECT_VERSION = 1;
				DEVELOPMENT_TEAM = 7FFBU6H3CE;
				ENABLE_PREVIEWS = YES;
				GENERATE_INFOPLIST_FILE = YES;
				INFOPLIST_KEY_UIApplicationSceneManifest_Generation = YES;
				INFOPLIST_KEY_UIApplicationSupportsIndirectInputEvents = YES;
				INFOPLIST_KEY_UILaunchScreen_Generation = YES;
				INFOPLIST_KEY_UISupportedInterfaceOrientations_iPad = "UIInterfaceOrientationPortrait UIInterfaceOrientationPortraitUpsideDown UIInterfaceOrientationLandscapeLeft UIInterfaceOrientationLandscapeRight";
				INFOPLIST_KEY_UISupportedInterfaceOrientations_iPhone = "UIInterfaceOrientationPortrait UIInterfaceOrientationLandscapeLeft UIInterfaceOrientationLandscapeRight";
				IPHONEOS_DEPLOYMENT_TARGET = 14.1;
				LD_RUNPATH_SEARCH_PATHS = (
					"$(inherited)",
					"@executable_path/Frameworks",
				);
				MARKETING_VERSION = 1.0;
				PRODUCT_BUNDLE_IDENTIFIER = com.christianleovido.NavigationEtude;
				PRODUCT_NAME = NavigationEtude;
				SDKROOT = iphoneos;
				SWIFT_EMIT_LOC_STRINGS = YES;
				SWIFT_VERSION = 5.0;
				TARGETED_DEVICE_FAMILY = "1,2";
			};
			name = Debug;
		};
		FC0C8BE72789C40200B5E928 /* Release */ = {
			isa = XCBuildConfiguration;
			buildSettings = {
				ASSETCATALOG_COMPILER_APPICON_NAME = AppIcon;
				ASSETCATALOG_COMPILER_GLOBAL_ACCENT_COLOR_NAME = AccentColor;
				CODE_SIGN_STYLE = Automatic;
				CURRENT_PROJECT_VERSION = 1;
				DEVELOPMENT_TEAM = 7FFBU6H3CE;
				ENABLE_PREVIEWS = YES;
				GENERATE_INFOPLIST_FILE = YES;
				INFOPLIST_KEY_UIApplicationSceneManifest_Generation = YES;
				INFOPLIST_KEY_UIApplicationSupportsIndirectInputEvents = YES;
				INFOPLIST_KEY_UILaunchScreen_Generation = YES;
				INFOPLIST_KEY_UISupportedInterfaceOrientations_iPad = "UIInterfaceOrientationPortrait UIInterfaceOrientationPortraitUpsideDown UIInterfaceOrientationLandscapeLeft UIInterfaceOrientationLandscapeRight";
				INFOPLIST_KEY_UISupportedInterfaceOrientations_iPhone = "UIInterfaceOrientationPortrait UIInterfaceOrientationLandscapeLeft UIInterfaceOrientationLandscapeRight";
				IPHONEOS_DEPLOYMENT_TARGET = 14.1;
				LD_RUNPATH_SEARCH_PATHS = (
					"$(inherited)",
					"@executable_path/Frameworks",
				);
				MARKETING_VERSION = 1.0;
				PRODUCT_BUNDLE_IDENTIFIER = com.christianleovido.NavigationEtude;
				PRODUCT_NAME = NavigationEtude;
				SDKROOT = iphoneos;
				SWIFT_EMIT_LOC_STRINGS = YES;
				SWIFT_VERSION = 5.0;
				TARGETED_DEVICE_FAMILY = "1,2";
				VALIDATE_PRODUCT = YES;
			};
			name = Release;
		};
		FC0C8BEC2789C40200B5E928 /* Debug */ = {
			isa = XCBuildConfiguration;
			buildSettings = {
				ALWAYS_EMBED_SWIFT_STANDARD_LIBRARIES = YES;
				CODE_SIGN_STYLE = Automatic;
				CURRENT_PROJECT_VERSION = 1;
				DEVELOPMENT_TEAM = 7FFBU6H3CE;
				GENERATE_INFOPLIST_FILE = YES;
				IPHONEOS_DEPLOYMENT_TARGET = 15.2;
				MARKETING_VERSION = 1.0;
				PRODUCT_BUNDLE_IDENTIFIER = "com.christianleovido.Tests-iOS";
				PRODUCT_NAME = "$(TARGET_NAME)";
				SDKROOT = iphoneos;
				SWIFT_EMIT_LOC_STRINGS = NO;
				SWIFT_VERSION = 5.0;
				TARGETED_DEVICE_FAMILY = "1,2";
				TEST_TARGET_NAME = "NavigationEtude (iOS)";
			};
			name = Debug;
		};
		FC0C8BED2789C40200B5E928 /* Release */ = {
			isa = XCBuildConfiguration;
			buildSettings = {
				ALWAYS_EMBED_SWIFT_STANDARD_LIBRARIES = YES;
				CODE_SIGN_STYLE = Automatic;
				CURRENT_PROJECT_VERSION = 1;
				DEVELOPMENT_TEAM = 7FFBU6H3CE;
				GENERATE_INFOPLIST_FILE = YES;
				IPHONEOS_DEPLOYMENT_TARGET = 15.2;
				MARKETING_VERSION = 1.0;
				PRODUCT_BUNDLE_IDENTIFIER = "com.christianleovido.Tests-iOS";
				PRODUCT_NAME = "$(TARGET_NAME)";
				SDKROOT = iphoneos;
				SWIFT_EMIT_LOC_STRINGS = NO;
				SWIFT_VERSION = 5.0;
				TARGETED_DEVICE_FAMILY = "1,2";
				TEST_TARGET_NAME = "NavigationEtude (iOS)";
				VALIDATE_PRODUCT = YES;
			};
			name = Release;
		};
/* End XCBuildConfiguration section */

/* Begin XCConfigurationList section */
		FC0C8BB32789C3FF00B5E928 /* Build configuration list for PBXProject "NavigationEtude" */ = {
			isa = XCConfigurationList;
			buildConfigurations = (
				FC0C8BE32789C40200B5E928 /* Debug */,
				FC0C8BE42789C40200B5E928 /* Release */,
			);
			defaultConfigurationIsVisible = 0;
			defaultConfigurationName = Release;
		};
		FC0C8BE52789C40200B5E928 /* Build configuration list for PBXNativeTarget "NavigationEtude (iOS)" */ = {
			isa = XCConfigurationList;
			buildConfigurations = (
				FC0C8BE62789C40200B5E928 /* Debug */,
				FC0C8BE72789C40200B5E928 /* Release */,
			);
			defaultConfigurationIsVisible = 0;
			defaultConfigurationName = Release;
		};
		FC0C8BEB2789C40200B5E928 /* Build configuration list for PBXNativeTarget "Tests iOS" */ = {
			isa = XCConfigurationList;
			buildConfigurations = (
				FC0C8BEC2789C40200B5E928 /* Debug */,
				FC0C8BED2789C40200B5E928 /* Release */,
			);
			defaultConfigurationIsVisible = 0;
			defaultConfigurationName = Release;
		};
/* End XCConfigurationList section */
	};
	rootObject = FC0C8BB02789C3FF00B5E928 /* Project object */;
}
